
Microsoft Visual Studio Solution File, Format Version 12.00
# Visual Studio Version 16
VisualStudioVersion = 16.0.31105.61
MinimumVisualStudioVersion = 10.0.40219.1
Project("{FAE04EC0-301F-11D3-BF4B-00C04F79EFBC}") = "ShoppingList.Web", "ShoppingList.Web\ShoppingList.Web.csproj", "{BD4725AC-CA03-4F2B-B9FC-F78AE6F3B3D3}"
EndProject
Global
	GlobalSection(SolutionConfigurationPlatforms) = preSolution
		Debug|Any CPU = Debug|Any CPU
		Release|Any CPU = Release|Any CPU
	EndGlobalSection
	GlobalSection(ProjectConfigurationPlatforms) = postSolution
		{BD4725AC-CA03-4F2B-B9FC-F78AE6F3B3D3}.Debug|Any CPU.ActiveCfg = Debug|Any CPU
		{BD4725AC-CA03-4F2B-B9FC-F78AE6F3B3D3}.Debug|Any CPU.Build.0 = Debug|Any CPU
		{BD4725AC-CA03-4F2B-B9FC-F78AE6F3B3D3}.Release|Any CPU.ActiveCfg = Release|Any CPU
		{BD4725AC-CA03-4F2B-B9FC-F78AE6F3B3D3}.Release|Any CPU.Build.0 = Release|Any CPU
	EndGlobalSection
	GlobalSection(SolutionProperties) = preSolution
		HideSolutionNode = FALSE
	EndGlobalSection
	GlobalSection(ExtensibilityGlobals) = postSolution
		SolutionGuid = {3488BC03-28DB-40C3-8B00-9DF2723BBB63}
	EndGlobalSection
EndGlobal
